// !$*UTF8*$!
{
	archiveVersion = 1;
	classes = {
	};
	objectVersion = 48;
	objects = {

/* Begin PBXBuildFile section */
		1528B1F92007FC1E009E78DE /* Game.cpp in Sources */ = {isa = PBXBuildFile; fileRef = 1528B1F72007FC1E009E78DE /* Game.cpp */; };
		1528B1FC2007FECE009E78DE /* History.cpp in Sources */ = {isa = PBXBuildFile; fileRef = 1528B1FA2007FECE009E78DE /* History.cpp */; };
		157F49C72006936700956D3B /* main.cpp in Sources */ = {isa = PBXBuildFile; fileRef = 157F49C62006936700956D3B /* main.cpp */; };
		157F49CF2007E92800956D3B /* utilities.cpp in Sources */ = {isa = PBXBuildFile; fileRef = 157F49CE2007E92800956D3B /* utilities.cpp */; };
		157F49D22007EF5900956D3B /* City.cpp in Sources */ = {isa = PBXBuildFile; fileRef = 157F49D02007EF5900956D3B /* City.cpp */; };
		157F49D52007EFF000956D3B /* Flatulan.cpp in Sources */ = {isa = PBXBuildFile; fileRef = 157F49D32007EFF000956D3B /* Flatulan.cpp */; };
		157F49D72007F11C00956D3B /* Player.cpp in Sources */ = {isa = PBXBuildFile; fileRef = 157F49D62007F11C00956D3B /* Player.cpp */; };
/* End PBXBuildFile section */

/* Begin PBXCopyFilesBuildPhase section */
		157F49C12006936700956D3B /* CopyFiles */ = {
			isa = PBXCopyFilesBuildPhase;
			buildActionMask = 2147483647;
			dstPath = /usr/share/man/man1/;
			dstSubfolderSpec = 0;
			files = (
			);
			runOnlyForDeploymentPostprocessing = 1;
		};
/* End PBXCopyFilesBuildPhase section */

/* Begin PBXFileReference section */
		1528B1F72007FC1E009E78DE /* Game.cpp */ = {isa = PBXFileReference; lastKnownFileType = sourcecode.cpp.cpp; path = Game.cpp; sourceTree = "<group>"; };
		1528B1F82007FC1E009E78DE /* Game.h */ = {isa = PBXFileReference; lastKnownFileType = sourcecode.c.h; path = Game.h; sourceTree = "<group>"; };
		1528B1FA2007FECE009E78DE /* History.cpp */ = {isa = PBXFileReference; lastKnownFileType = sourcecode.cpp.cpp; path = History.cpp; sourceTree = "<group>"; };
		1528B1FB2007FECE009E78DE /* History.h */ = {isa = PBXFileReference; lastKnownFileType = sourcecode.c.h; path = History.h; sourceTree = "<group>"; };
		157F49C32006936700956D3B /* Project 1 */ = {isa = PBXFileReference; explicitFileType = "compiled.mach-o.executable"; includeInIndex = 0; path = "Project 1"; sourceTree = BUILT_PRODUCTS_DIR; };
		157F49C62006936700956D3B /* main.cpp */ = {isa = PBXFileReference; lastKnownFileType = sourcecode.cpp.cpp; path = main.cpp; sourceTree = "<group>"; };
		157F49CD2006AD2A00956D3B /* globals.h */ = {isa = PBXFileReference; lastKnownFileType = sourcecode.c.h; path = globals.h; sourceTree = "<group>"; };
		157F49CE2007E92800956D3B /* utilities.cpp */ = {isa = PBXFileReference; lastKnownFileType = sourcecode.cpp.cpp; path = utilities.cpp; sourceTree = "<group>"; };
		157F49D02007EF5900956D3B /* City.cpp */ = {isa = PBXFileReference; lastKnownFileType = sourcecode.cpp.cpp; path = City.cpp; sourceTree = "<group>"; };
		157F49D12007EF5900956D3B /* City.h */ = {isa = PBXFileReference; lastKnownFileType = sourcecode.c.h; path = City.h; sourceTree = "<group>"; };
		157F49D32007EFF000956D3B /* Flatulan.cpp */ = {isa = PBXFileReference; lastKnownFileType = sourcecode.cpp.cpp; path = Flatulan.cpp; sourceTree = "<group>"; };
		157F49D42007EFF000956D3B /* Flatulan.h */ = {isa = PBXFileReference; lastKnownFileType = sourcecode.c.h; path = Flatulan.h; sourceTree = "<group>"; };
		157F49D62007F11C00956D3B /* Player.cpp */ = {isa = PBXFileReference; lastKnownFileType = sourcecode.cpp.cpp; path = Player.cpp; sourceTree = "<group>"; };
		157F49D82007F12400956D3B /* Player.h */ = {isa = PBXFileReference; lastKnownFileType = sourcecode.c.h; path = Player.h; sourceTree = "<group>"; };
/* End PBXFileReference section */

/* Begin PBXFrameworksBuildPhase section */
		157F49C02006936700956D3B /* Frameworks */ = {
			isa = PBXFrameworksBuildPhase;
			buildActionMask = 2147483647;
			files = (
			);
			runOnlyForDeploymentPostprocessing = 0;
		};
/* End PBXFrameworksBuildPhase section */

/* Begin PBXGroup section */
		157F49BA2006936700956D3B = {
			isa = PBXGroup;
			children = (
				157F49C52006936700956D3B /* Project 1 */,
				157F49C42006936700956D3B /* Products */,
			);
			sourceTree = "<group>";
		};
		157F49C42006936700956D3B /* Products */ = {
			isa = PBXGroup;
			children = (
				157F49C32006936700956D3B /* Project 1 */,
			);
			name = Products;
			sourceTree = "<group>";
		};
		157F49C52006936700956D3B /* Project 1 */ = {
			isa = PBXGroup;
			children = (
				157F49C62006936700956D3B /* main.cpp */,
				157F49CD2006AD2A00956D3B /* globals.h */,
				157F49CE2007E92800956D3B /* utilities.cpp */,
				157F49D02007EF5900956D3B /* City.cpp */,
				157F49D12007EF5900956D3B /* City.h */,
				157F49D32007EFF000956D3B /* Flatulan.cpp */,
				157F49D42007EFF000956D3B /* Flatulan.h */,
				157F49D62007F11C00956D3B /* Player.cpp */,
				157F49D82007F12400956D3B /* Player.h */,
				1528B1F72007FC1E009E78DE /* Game.cpp */,
				1528B1F82007FC1E009E78DE /* Game.h */,
				1528B1FA2007FECE009E78DE /* History.cpp */,
				1528B1FB2007FECE009E78DE /* History.h */,
			);
			path = "Project 1";
			sourceTree = "<group>";
		};
/* End PBXGroup section */

/* Begin PBXNativeTarget section */
		157F49C22006936700956D3B /* Project 1 */ = {
			isa = PBXNativeTarget;
			buildConfigurationList = 157F49CA2006936700956D3B /* Build configuration list for PBXNativeTarget "Project 1" */;
			buildPhases = (
				157F49BF2006936700956D3B /* Sources */,
				157F49C02006936700956D3B /* Frameworks */,
				157F49C12006936700956D3B /* CopyFiles */,
			);
			buildRules = (
			);
			dependencies = (
			);
			name = "Project 1";
			productName = "Project 1";
			productReference = 157F49C32006936700956D3B /* Project 1 */;
			productType = "com.apple.product-type.tool";
		};
/* End PBXNativeTarget section */

/* Begin PBXProject section */
		157F49BB2006936700956D3B /* Project object */ = {
			isa = PBXProject;
			attributes = {
				LastUpgradeCheck = 0920;
				ORGANIZATIONNAME = "Alex Zhao";
				TargetAttributes = {
					157F49C22006936700956D3B = {
						CreatedOnToolsVersion = 9.2;
						ProvisioningStyle = Automatic;
					};
				};
			};
			buildConfigurationList = 157F49BE2006936700956D3B /* Build configuration list for PBXProject "Project 1" */;
			compatibilityVersion = "Xcode 8.0";
			developmentRegion = en;
			hasScannedForEncodings = 0;
			knownRegions = (
				en,
			);
			mainGroup = 157F49BA2006936700956D3B;
			productRefGroup = 157F49C42006936700956D3B /* Products */;
			projectDirPath = "";
			projectRoot = "";
			targets = (
				157F49C22006936700956D3B /* Project 1 */,
			);
		};
/* End PBXProject section */

/* Begin PBXSourcesBuildPhase section */
		157F49BF2006936700956D3B /* Sources */ = {
			isa = PBXSourcesBuildPhase;
			buildActionMask = 2147483647;
			files = (
				157F49D52007EFF000956D3B /* Flatulan.cpp in Sources */,
				157F49D72007F11C00956D3B /* Player.cpp in Sources */,
				157F49CF2007E92800956D3B /* utilities.cpp in Sources */,
				157F49C72006936700956D3B /* main.cpp in Sources */,
				157F49D22007EF5900956D3B /* City.cpp in Sources */,
				1528B1F92007FC1E009E78DE /* Game.cpp in Sources */,
				1528B1FC2007FECE009E78DE /* History.cpp in Sources */,
			);
			runOnlyForDeploymentPostprocessing = 0;
		};
/* End PBXSourcesBuildPhase section */

/* Begin XCBuildConfiguration section */
		157F49C82006936700956D3B /* Debug */ = {
			isa = XCBuildConfiguration;
			buildSettings = {
				ALWAYS_SEARCH_USER_PATHS = NO;
				CLANG_ANALYZER_NONNULL = YES;
				CLANG_ANALYZER_NUMBER_OBJECT_CONVERSION = YES_AGGRESSIVE;
				CLANG_CXX_LANGUAGE_STANDARD = "gnu++14";
				CLANG_CXX_LIBRARY = "libc++";
				CLANG_ENABLE_MODULES = YES;
				CLANG_ENABLE_OBJC_ARC = YES;
				CLANG_WARN_BLOCK_CAPTURE_AUTORELEASING = YES;
				CLANG_WARN_BOOL_CONVERSION = YES;
				CLANG_WARN_COMMA = YES;
				CLANG_WARN_CONSTANT_CONVERSION = YES;
				CLANG_WARN_DIRECT_OBJC_ISA_USAGE = YES_ERROR;
				CLANG_WARN_DOCUMENTATION_COMMENTS = YES;
				CLANG_WARN_EMPTY_BODY = YES;
				CLANG_WARN_ENUM_CONVERSION = YES;
				CLANG_WARN_INFINITE_RECURSION = YES;
				CLANG_WARN_INT_CONVERSION = YES;
				CLANG_WARN_NON_LITERAL_NULL_CONVERSION = YES;
				CLANG_WARN_OBJC_LITERAL_CONVERSION = YES;
				CLANG_WARN_OBJC_ROOT_CLASS = YES_ERROR;
				CLANG_WARN_RANGE_LOOP_ANALYSIS = YES;
				CLANG_WARN_STRICT_PROTOTYPES = YES;
				CLANG_WARN_SUSPICIOUS_MOVE = YES;
				CLANG_WARN_UNGUARDED_AVAILABILITY = YES_AGGRESSIVE;
				CLANG_WARN_UNREACHABLE_CODE = YES;
				CLANG_WARN__DUPLICATE_METHOD_MATCH = YES;
				CODE_SIGN_IDENTITY = "-";
				COPY_PHASE_STRIP = NO;
				DEBUG_INFORMATION_FORMAT = dwarf;
				ENABLE_STRICT_OBJC_MSGSEND = YES;
				ENABLE_TESTABILITY = YES;
				GCC_C_LANGUAGE_STANDARD = gnu11;
				GCC_DYNAMIC_NO_PIC = NO;
				GCC_NO_COMMON_BLOCKS = YES;
				GCC_OPTIMIZATION_LEVEL = 0;
				GCC_PREPROCESSOR_DEFINITIONS = (
					"DEBUG=1",
					"$(inherited)",
				);
				GCC_WARN_64_TO_32_BIT_CONVERSION = YES;
				GCC_WARN_ABOUT_RETURN_TYPE = YES_ERROR;
				GCC_WARN_UNDECLARED_SELECTOR = YES;
				GCC_WARN_UNINITIALIZED_AUTOS = YES_AGGRESSIVE;
				GCC_WARN_UNUSED_FUNCTION = YES;
				GCC_WARN_UNUSED_VARIABLE = YES;
				MACOSX_DEPLOYMENT_TARGET = 10.12;
				MTL_ENABLE_DEBUG_INFO = YES;
				ONLY_ACTIVE_ARCH = YES;
				SDKROOT = macosx;
			};
			name = Debug;
		};
		157F49C92006936700956D3B /* Release */ = {
			isa = XCBuildConfiguration;
			buildSettings = {
				ALWAYS_SEARCH_USER_PATHS = NO;
				CLANG_ANALYZER_NONNULL = YES;
				CLANG_ANALYZER_NUMBER_OBJECT_CONVERSION = YES_AGGRESSIVE;
				CLANG_CXX_LANGUAGE_STANDARD = "gnu++14";
				CLANG_CXX_LIBRARY = "libc++";
				CLANG_ENABLE_MODULES = YES;
				CLANG_ENABLE_OBJC_ARC = YES;
				CLANG_WARN_BLOCK_CAPTURE_AUTORELEASING = YES;
				CLANG_WARN_BOOL_CONVERSION = YES;
				CLANG_WARN_COMMA = YES;
				CLANG_WARN_CONSTANT_CONVERSION = YES;
				CLANG_WARN_DIRECT_OBJC_ISA_USAGE = YES_ERROR;
				CLANG_WARN_DOCUMENTATION_COMMENTS = YES;
				CLANG_WARN_EMPTY_BODY = YES;
				CLANG_WARN_ENUM_CONVERSION = YES;
				CLANG_WARN_INFINITE_RECURSION = YES;
				CLANG_WARN_INT_CONVERSION = YES;
				CLANG_WARN_NON_LITERAL_NULL_CONVERSION = YES;
				CLANG_WARN_OBJC_LITERAL_CONVERSION = YES;
				CLANG_WARN_OBJC_ROOT_CLASS = YES_ERROR;
				CLANG_WARN_RANGE_LOOP_ANALYSIS = YES;
				CLANG_WARN_STRICT_PROTOTYPES = YES;
				CLANG_WARN_SUSPICIOUS_MOVE = YES;
				CLANG_WARN_UNGUARDED_AVAILABILITY = YES_AGGRESSIVE;
				CLANG_WARN_UNREACHABLE_CODE = YES;
				CLANG_WARN__DUPLICATE_METHOD_MATCH = YES;
				CODE_SIGN_IDENTITY = "-";
				COPY_PHASE_STRIP = NO;
				DEBUG_INFORMATION_FORMAT = "dwarf-with-dsym";
				ENABLE_NS_ASSERTIONS = NO;
				ENABLE_STRICT_OBJC_MSGSEND = YES;
				GCC_C_LANGUAGE_STANDARD = gnu11;
				GCC_NO_COMMON_BLOCKS = YES;
				GCC_WARN_64_TO_32_BIT_CONVERSION = YES;
				GCC_WARN_ABOUT_RETURN_TYPE = YES_ERROR;
				GCC_WARN_UNDECLARED_SELECTOR = YES;
				GCC_WARN_UNINITIALIZED_AUTOS = YES_AGGRESSIVE;
				GCC_WARN_UNUSED_FUNCTION = YES;
				GCC_WARN_UNUSED_VARIABLE = YES;
				MACOSX_DEPLOYMENT_TARGET = 10.12;
				MTL_ENABLE_DEBUG_INFO = NO;
				SDKROOT = macosx;
			};
			name = Release;
		};
		157F49CB2006936700956D3B /* Debug */ = {
			isa = XCBuildConfiguration;
			buildSettings = {
				CODE_SIGN_STYLE = Automatic;
				PRODUCT_NAME = "$(TARGET_NAME)";
			};
			name = Debug;
		};
		157F49CC2006936700956D3B /* Release */ = {
			isa = XCBuildConfiguration;
			buildSettings = {
				CODE_SIGN_STYLE = Automatic;
				PRODUCT_NAME = "$(TARGET_NAME)";
			};
			name = Release;
		};
/* End XCBuildConfiguration section */

/* Begin XCConfigurationList section */
		157F49BE2006936700956D3B /* Build configuration list for PBXProject "Project 1" */ = {
			isa = XCConfigurationList;
			buildConfigurations = (
				157F49C82006936700956D3B /* Debug */,
				157F49C92006936700956D3B /* Release */,
			);
			defaultConfigurationIsVisible = 0;
			defaultConfigurationName = Release;
		};
		157F49CA2006936700956D3B /* Build configuration list for PBXNativeTarget "Project 1" */ = {
			isa = XCConfigurationList;
			buildConfigurations = (
				157F49CB2006936700956D3B /* Debug */,
				157F49CC2006936700956D3B /* Release */,
			);
			defaultConfigurationIsVisible = 0;
			defaultConfigurationName = Release;
		};
/* End XCConfigurationList section */
	};
	rootObject = 157F49BB2006936700956D3B /* Project object */;
}
